Microsoft Visual Studio Solution File, Format Version 12.00
# Visual Studio Version 17
VisualStudioVersion = 17.5.2.0
MinimumVisualStudioVersion = 10.0.40219.1
Project("{FAE04EC0-301F-11D3-BF4B-00C04F79EFBC}") = "MilitaryServicesBackend-Dotnet", "MilitaryServicesBackend-Dotnet.csproj", "{BEA3C0CC-085F-C73F-E00C-A7179E31086E}"
EndProject
Global
	GlobalSection(SolutionConfigurationPlatforms) = preSolution
		Debug|Any CPU = Debug|Any CPU
		Release|Any CPU = Release|Any CPU
	EndGlobalSection
	GlobalSection(ProjectConfigurationPlatforms) = postSolution
		{BEA3C0CC-085F-C73F-E00C-A7179E31086E}.Debug|Any CPU.ActiveCfg = Debug|Any CPU
		{BEA3C0CC-085F-C73F-E00C-A7179E31086E}.Debug|Any CPU.Build.0 = Debug|Any CPU
		{BEA3C0CC-085F-C73F-E00C-A7179E31086E}.Release|Any CPU.ActiveCfg = Release|Any CPU
		{BEA3C0CC-085F-C73F-E00C-A7179E31086E}.Release|Any CPU.Build.0 = Release|Any CPU
	EndGlobalSection
	GlobalSection(SolutionProperties) = preSolution
		HideSolutionNode = FALSE
	EndGlobalSection
	GlobalSection(ExtensibilityGlobals) = postSolution
		SolutionGuid = {36921305-9A03-413F-8F28-BCFA367324A9}
	EndGlobalSection
EndGlobal
